
Microsoft Visual Studio Solution File, Format Version 12.00
# Visual Studio Version 17
VisualStudioVersion = 17.5.33530.505
MinimumVisualStudioVersion = 10.0.40219.1
Project("{9A19103F-16F7-4668-BE54-9A1E7A4F7556}") = "PictouristAPI", "Pictourist\PictouristAPI.csproj", "{DA56A514-DEB5-4B52-B5BC-9C4CAC6E30CA}"
EndProject
Global
	GlobalSection(SolutionConfigurationPlatforms) = preSolution
		Debug|Any CPU = Debug|Any CPU
		Release|Any CPU = Release|Any CPU
	EndGlobalSection
	GlobalSection(ProjectConfigurationPlatforms) = postSolution
		{DA56A514-DEB5-4B52-B5BC-9C4CAC6E30CA}.Debug|Any CPU.ActiveCfg = Debug|Any CPU
		{DA56A514-DEB5-4B52-B5BC-9C4CAC6E30CA}.Debug|Any CPU.Build.0 = Debug|Any CPU
		{DA56A514-DEB5-4B52-B5BC-9C4CAC6E30CA}.Release|Any CPU.ActiveCfg = Release|Any CPU
		{DA56A514-DEB5-4B52-B5BC-9C4CAC6E30CA}.Release|Any CPU.Build.0 = Release|Any CPU
	EndGlobalSection
	GlobalSection(SolutionProperties) = preSolution
		HideSolutionNode = FALSE
	EndGlobalSection
	GlobalSection(ExtensibilityGlobals) = postSolution
		SolutionGuid = {079741D7-F216-459A-A14B-373A8952EE2C}
	EndGlobalSection
EndGlobal
